{
  "version": 4,
  "terraform_version": "0.12.3",
  "serial": 20,
  "lineage": "465a9b3c-0b66-e0f1-06fc-85744d552453",
  "outputs": {},
  "resources": [
    {
      "mode": "managed",
      "type": "azurerm_network_interface",
      "name": "main",
      "provider": "provider.azurerm",
      "instances": [
        {
          "schema_version": 0,
          "attributes": {
            "applied_dns_servers": [],
            "dns_servers": [],
            "enable_accelerated_networking": false,
            "enable_ip_forwarding": false,
            "id": "/subscriptions/42e855b0-f64b-4f58-ac32-e87b02b970c0/resourceGroups/tfvmex-resource/providers/Microsoft.Network/networkInterfaces/tfvmex-nic",
            "internal_dns_name_label": "",
            "internal_fqdn": "",
            "ip_configuration": [
              {
                "application_gateway_backend_address_pools_ids": [],
                "application_security_group_ids": [],
                "load_balancer_backend_address_pools_ids": [],
                "load_balancer_inbound_nat_rules_ids": [],
                "name": "testconfiguration1",
                "primary": true,
                "private_ip_address": "",
                "private_ip_address_allocation": "dynamic",
                "private_ip_address_version": "IPv4",
                "public_ip_address_id": "/subscriptions/42e855b0-f64b-4f58-ac32-e87b02b970c0/resourceGroups/tfvmex-resource/providers/Microsoft.Network/publicIPAddresses/MyPublicIP",
                "subnet_id": "/subscriptions/42e855b0-f64b-4f58-ac32-e87b02b970c0/resourceGroups/tfvmex-resource/providers/Microsoft.Network/virtualNetworks/tfvmex-network/subnets/internal"
              }
            ],
            "location": "uksouth",
            "mac_address": "",
            "name": "tfvmex-nic",
            "network_security_group_id": "/subscriptions/42e855b0-f64b-4f58-ac32-e87b02b970c0/resourceGroups/tfvmex-resource/providers/Microsoft.Network/networkSecurityGroups/MyNetworkSecurityGroup",
            "private_ip_address": "10.0.0.4",
            "private_ip_addresses": [
              "10.0.0.4"
            ],
            "resource_group_name": "tfvmex-resource",
            "tags": {},
            "virtual_machine_id": null
          },
          "depends_on": [
            "azurerm_network_security_group.main",
            "azurerm_public_ip.main",
            "azurerm_resource_group.main",
            "azurerm_subnet.internal"
          ]
        }
      ]
    },
    {
      "mode": "managed",
      "type": "azurerm_network_security_group",
      "name": "main",
      "provider": "provider.azurerm",
      "instances": [
        {
          "schema_version": 0,
          "attributes": {
            "id": "/subscriptions/42e855b0-f64b-4f58-ac32-e87b02b970c0/resourceGroups/tfvmex-resource/providers/Microsoft.Network/networkSecurityGroups/MyNetworkSecurityGroup",
            "location": "uksouth",
            "name": "MyNetworkSecurityGroup",
            "resource_group_name": "tfvmex-resource",
            "security_rule": [
              {
                "access": "Allow",
                "description": "",
                "destination_address_prefix": "*",
                "destination_address_prefixes": [],
                "destination_application_security_group_ids": [],
                "destination_port_range": "22",
                "destination_port_ranges": [],
                "direction": "Inbound",
                "name": "SSH",
                "priority": 1001,
                "protocol": "Tcp",
                "source_address_prefix": "*",
                "source_address_prefixes": [],
                "source_application_security_group_ids": [],
                "source_port_range": "*",
                "source_port_ranges": []
              }
            ],
            "tags": {}
          },
          "depends_on": [
            "azurerm_resource_group.main"
          ]
        }
      ]
    },
    {
      "mode": "managed",
      "type": "azurerm_public_ip",
      "name": "main",
      "provider": "provider.azurerm",
      "instances": [
        {
          "schema_version": 0,
          "attributes": {
            "allocation_method": "Dynamic",
            "domain_name_label": "h1-280619104125",
            "fqdn": "h1-280619104125.uksouth.cloudapp.azure.com",
            "id": "/subscriptions/42e855b0-f64b-4f58-ac32-e87b02b970c0/resourceGroups/tfvmex-resource/providers/Microsoft.Network/publicIPAddresses/MyPublicIP",
            "idle_timeout_in_minutes": 4,
            "ip_address": "",
            "ip_version": "IPv4",
            "location": "uksouth",
            "name": "MyPublicIP",
            "public_ip_address_allocation": "Dynamic",
            "public_ip_prefix_id": null,
            "resource_group_name": "tfvmex-resource",
            "reverse_fqdn": "",
            "sku": "Basic",
            "tags": {
              "enviroment": "staging"
            },
            "zones": []
          },
          "private": "bnVsbA==",
          "depends_on": [
            "azurerm_resource_group.main"
          ]
        }
      ]
    },
    {
      "mode": "managed",
      "type": "azurerm_resource_group",
      "name": "main",
      "provider": "provider.azurerm",
      "instances": [
        {
          "schema_version": 0,
          "attributes": {
            "id": "/subscriptions/42e855b0-f64b-4f58-ac32-e87b02b970c0/resourceGroups/tfvmex-resource",
            "location": "uksouth",
            "name": "tfvmex-resource",
            "tags": {}
          }
        }
      ]
    },
    {
      "mode": "managed",
      "type": "azurerm_subnet",
      "name": "internal",
      "provider": "provider.azurerm",
      "instances": [
        {
          "schema_version": 0,
          "attributes": {
            "address_prefix": "10.0.0.0/24",
            "delegation": [],
            "id": "/subscriptions/42e855b0-f64b-4f58-ac32-e87b02b970c0/resourceGroups/tfvmex-resource/providers/Microsoft.Network/virtualNetworks/tfvmex-network/subnets/internal",
            "ip_configurations": [
              "/subscriptions/42e855b0-f64b-4f58-ac32-e87b02b970c0/resourceGroups/tfvmex-resource/providers/Microsoft.Network/networkInterfaces/tfvmex-nic/ipConfigurations/testconfiguration1"
            ],
            "name": "internal",
            "network_security_group_id": "",
            "resource_group_name": "tfvmex-resource",
            "route_table_id": "",
            "service_endpoints": [],
            "virtual_network_name": "tfvmex-network"
          },
          "depends_on": [
            "azurerm_resource_group.main",
            "azurerm_virtual_network.main"
          ]
        }
      ]
    },
    {
      "mode": "managed",
      "type": "azurerm_virtual_machine",
      "name": "main",
      "provider": "provider.azurerm",
      "instances": [
        {
          "status": "tainted",
          "schema_version": 0,
          "attributes": {
            "availability_set_id": null,
            "boot_diagnostics": [],
            "delete_data_disks_on_termination": false,
            "delete_os_disk_on_termination": false,
            "id": "/subscriptions/42e855b0-f64b-4f58-ac32-e87b02b970c0/resourceGroups/tfvmex-resource/providers/Microsoft.Compute/virtualMachines/tfvmex-vm",
            "identity": [],
            "license_type": null,
            "location": "uksouth",
            "name": "tfvmex-vm",
            "network_interface_ids": [
              "/subscriptions/42e855b0-f64b-4f58-ac32-e87b02b970c0/resourceGroups/tfvmex-resource/providers/Microsoft.Network/networkInterfaces/tfvmex-nic"
            ],
            "os_profile": [
              {
                "admin_password": "",
                "admin_username": "h1",
                "computer_name": "hostname",
                "custom_data": ""
              }
            ],
            "os_profile_linux_config": [
              {
                "disable_password_authentication": true,
                "ssh_keys": [
                  {
                    "key_data": "ssh-rsa AAAAB3NzaC1yc2EAAAADAQABAAABAQDNg4d9p1x3jWN1dSv/ffyRx+LNC5qIKKRCWd2YA7cKWtxLoicAt06HNoJWumf0B/kEOBjabyjApxF1rMkkVcX5TejZg0RP2/wdPMEZMNA537BWd6xZjoReVtOWNyrH1LVFZZ9QqzQueqRyyjVxnc8j+uHR22K0x5X84CUYIp+Kr1jJKIcdfTKooyMOMe+l/Dbg/mlQ3gjfThQ+PxQBPEoR9X0mv1Sm2DnuV+ydx2n4NsrBXtfbahCLZqRLBsSp8ewtH3PP1eROVtNRM3TgAhJT3CamhWWb2V9DxVG4R7CGgz/4eP/H2K1ATlBU1sX9NSHhNfs24sXJdqkJAgQd1Tov",
                    "path": "/home/h1/.ssh/authorized_keys"
                  }
                ]
              }
            ],
            "os_profile_secrets": [],
            "os_profile_windows_config": [],
            "plan": [],
            "primary_network_interface_id": null,
            "resource_group_name": "tfvmex-resource",
            "storage_data_disk": [],
            "storage_image_reference": [
              {
                "id": "",
                "offer": "UbuntuServer",
                "publisher": "Canonical",
                "sku": "18.04-LTS",
                "version": "latest"
              }
            ],
            "storage_os_disk": [
              {
                "caching": "ReadWrite",
                "create_option": "FromImage",
                "disk_size_gb": 30,
                "image_uri": "",
                "managed_disk_id": "/subscriptions/42e855b0-f64b-4f58-ac32-e87b02b970c0/resourceGroups/tfvmex-resource/providers/Microsoft.Compute/disks/myosdisk1",
                "managed_disk_type": "Standard_LRS",
                "name": "myosdisk1",
                "os_type": "Linux",
                "vhd_uri": "",
                "write_accelerator_enabled": false
              }
            ],
            "tags": {
              "enviroment": "staging"
            },
            "vm_size": "Standard_DS1_v2",
            "zones": null
          },
          "private": "bnVsbA==",
          "depends_on": [
            "azurerm_network_interface.main",
            "azurerm_resource_group.main"
          ]
        }
      ]
    },
    {
      "mode": "managed",
      "type": "azurerm_virtual_network",
      "name": "main",
      "provider": "provider.azurerm",
      "instances": [
        {
          "schema_version": 0,
          "attributes": {
            "address_space": [
              "10.0.0.0/16"
            ],
            "ddos_protection_plan": [],
            "dns_servers": [],
            "id": "/subscriptions/42e855b0-f64b-4f58-ac32-e87b02b970c0/resourceGroups/tfvmex-resource/providers/Microsoft.Network/virtualNetworks/tfvmex-network",
            "location": "uksouth",
            "name": "tfvmex-network",
            "resource_group_name": "tfvmex-resource",
            "subnet": [
              {
                "address_prefix": "10.0.0.0/24",
                "id": "/subscriptions/42e855b0-f64b-4f58-ac32-e87b02b970c0/resourceGroups/tfvmex-resource/providers/Microsoft.Network/virtualNetworks/tfvmex-network/subnets/internal",
                "name": "internal",
                "security_group": ""
              }
            ],
            "tags": {}
          },
          "depends_on": [
            "azurerm_resource_group.main"
          ]
        }
      ]
    }
  ]
}
